
Microsoft Visual Studio Solution File, Format Version 12.00
# Visual Studio Version 17
VisualStudioVersion = 17.11.35312.102
MinimumVisualStudioVersion = 10.0.40219.1
Project("{FAE04EC0-301F-11D3-BF4B-00C04F79EFBC}") = "ProductCatalogService", "ProductCatalogService.csproj", "{4BC0A59E-113A-4E8D-971E-DDAB7E145A26}"
EndProject
Global
	GlobalSection(SolutionConfigurationPlatforms) = preSolution
		Debug|Any CPU = Debug|Any CPU
		Release|Any CPU = Release|Any CPU
	EndGlobalSection
	GlobalSection(ProjectConfigurationPlatforms) = postSolution
		{4BC0A59E-113A-4E8D-971E-DDAB7E145A26}.Debug|Any CPU.ActiveCfg = Debug|Any CPU
		{4BC0A59E-113A-4E8D-971E-DDAB7E145A26}.Debug|Any CPU.Build.0 = Debug|Any CPU
		{4BC0A59E-113A-4E8D-971E-DDAB7E145A26}.Release|Any CPU.ActiveCfg = Release|Any CPU
		{4BC0A59E-113A-4E8D-971E-DDAB7E145A26}.Release|Any CPU.Build.0 = Release|Any CPU
	EndGlobalSection
	GlobalSection(SolutionProperties) = preSolution
		HideSolutionNode = FALSE
	EndGlobalSection
	GlobalSection(ExtensibilityGlobals) = postSolution
		SolutionGuid = {E99C118A-7BC1-4098-892C-64BB742D9AAE}
	EndGlobalSection
EndGlobal
